
Microsoft Visual Studio Solution File, Format Version 12.00
# Visual Studio Version 17
VisualStudioVersion = 17.14.36518.9
MinimumVisualStudioVersion = 10.0.40219.1
Project("{FAE04EC0-301F-11D3-BF4B-00C04F79EFBC}") = "AccView", "AccView\AccView.csproj", "{60A6FB02-8062-42C5-9269-A9669DD7016F}"
EndProject
Project("{FAE04EC0-301F-11D3-BF4B-00C04F79EFBC}") = "Shared", "Shared\Shared.csproj", "{886D71FB-FAED-458D-BDB7-E9F846B36A47}"
EndProject
Project("{FAE04EC0-301F-11D3-BF4B-00C04F79EFBC}") = "Shared.UnitTests", "Shared.UnitTests\Shared.UnitTests.csproj", "{85271296-293A-4579-BA3E-F82D6E4CBF85}"
EndProject
Project("{FAE04EC0-301F-11D3-BF4B-00C04F79EFBC}") = "Cmd", "Cmd\Cmd.csproj", "{38FA0AB1-5936-C5C4-1A98-B6E96DF2F7B3}"
EndProject
Global
	GlobalSection(SolutionConfigurationPlatforms) = preSolution
		Debug|Any CPU = Debug|Any CPU
		Debug|ARM64 = Debug|ARM64
		Debug|x64 = Debug|x64
		Debug|x86 = Debug|x86
		Release|Any CPU = Release|Any CPU
		Release|ARM64 = Release|ARM64
		Release|x64 = Release|x64
		Release|x86 = Release|x86
	EndGlobalSection
	GlobalSection(ProjectConfigurationPlatforms) = postSolution
		{60A6FB02-8062-42C5-9269-A9669DD7016F}.Debug|Any CPU.ActiveCfg = Debug|Any CPU
		{60A6FB02-8062-42C5-9269-A9669DD7016F}.Debug|Any CPU.Build.0 = Debug|Any CPU
		{60A6FB02-8062-42C5-9269-A9669DD7016F}.Debug|ARM64.ActiveCfg = Debug|ARM64
		{60A6FB02-8062-42C5-9269-A9669DD7016F}.Debug|ARM64.Build.0 = Debug|ARM64
		{60A6FB02-8062-42C5-9269-A9669DD7016F}.Debug|ARM64.Deploy.0 = Debug|ARM64
		{60A6FB02-8062-42C5-9269-A9669DD7016F}.Debug|x64.ActiveCfg = Debug|x64
		{60A6FB02-8062-42C5-9269-A9669DD7016F}.Debug|x64.Build.0 = Debug|x64
		{60A6FB02-8062-42C5-9269-A9669DD7016F}.Debug|x64.Deploy.0 = Debug|x64
		{60A6FB02-8062-42C5-9269-A9669DD7016F}.Debug|x86.ActiveCfg = Debug|x86
		{60A6FB02-8062-42C5-9269-A9669DD7016F}.Debug|x86.Build.0 = Debug|x86
		{60A6FB02-8062-42C5-9269-A9669DD7016F}.Debug|x86.Deploy.0 = Debug|x86
		{60A6FB02-8062-42C5-9269-A9669DD7016F}.Release|Any CPU.ActiveCfg = Release|Any CPU
		{60A6FB02-8062-42C5-9269-A9669DD7016F}.Release|Any CPU.Build.0 = Release|Any CPU
		{60A6FB02-8062-42C5-9269-A9669DD7016F}.Release|ARM64.ActiveCfg = Release|ARM64
		{60A6FB02-8062-42C5-9269-A9669DD7016F}.Release|ARM64.Build.0 = Release|ARM64
		{60A6FB02-8062-42C5-9269-A9669DD7016F}.Release|ARM64.Deploy.0 = Release|ARM64
		{60A6FB02-8062-42C5-9269-A9669DD7016F}.Release|x64.ActiveCfg = Release|x64
		{60A6FB02-8062-42C5-9269-A9669DD7016F}.Release|x64.Build.0 = Release|x64
		{60A6FB02-8062-42C5-9269-A9669DD7016F}.Release|x64.Deploy.0 = Release|x64
		{60A6FB02-8062-42C5-9269-A9669DD7016F}.Release|x86.ActiveCfg = Release|x86
		{60A6FB02-8062-42C5-9269-A9669DD7016F}.Release|x86.Build.0 = Release|x86
		{60A6FB02-8062-42C5-9269-A9669DD7016F}.Release|x86.Deploy.0 = Release|x86
		{886D71FB-FAED-458D-BDB7-E9F846B36A47}.Debug|Any CPU.ActiveCfg = Debug|Any CPU
		{886D71FB-FAED-458D-BDB7-E9F846B36A47}.Debug|Any CPU.Build.0 = Debug|Any CPU
		{886D71FB-FAED-458D-BDB7-E9F846B36A47}.Debug|ARM64.ActiveCfg = Debug|Any CPU
		{886D71FB-FAED-458D-BDB7-E9F846B36A47}.Debug|ARM64.Build.0 = Debug|Any CPU
		{886D71FB-FAED-458D-BDB7-E9F846B36A47}.Debug|x64.ActiveCfg = Debug|Any CPU
		{886D71FB-FAED-458D-BDB7-E9F846B36A47}.Debug|x64.Build.0 = Debug|Any CPU
		{886D71FB-FAED-458D-BDB7-E9F846B36A47}.Debug|x86.ActiveCfg = Debug|Any CPU
		{886D71FB-FAED-458D-BDB7-E9F846B36A47}.Debug|x86.Build.0 = Debug|Any CPU
		{886D71FB-FAED-458D-BDB7-E9F846B36A47}.Release|Any CPU.ActiveCfg = Release|Any CPU
		{886D71FB-FAED-458D-BDB7-E9F846B36A47}.Release|Any CPU.Build.0 = Release|Any CPU
		{886D71FB-FAED-458D-BDB7-E9F846B36A47}.Release|ARM64.ActiveCfg = Release|Any CPU
		{886D71FB-FAED-458D-BDB7-E9F846B36A47}.Release|ARM64.Build.0 = Release|Any CPU
		{886D71FB-FAED-458D-BDB7-E9F846B36A47}.Release|x64.ActiveCfg = Release|Any CPU
		{886D71FB-FAED-458D-BDB7-E9F846B36A47}.Release|x64.Build.0 = Release|Any CPU
		{886D71FB-FAED-458D-BDB7-E9F846B36A47}.Release|x86.ActiveCfg = Release|Any CPU
		{886D71FB-FAED-458D-BDB7-E9F846B36A47}.Release|x86.Build.0 = Release|Any CPU
		{85271296-293A-4579-BA3E-F82D6E4CBF85}.Debug|Any CPU.ActiveCfg = Debug|Any CPU
		{85271296-293A-4579-BA3E-F82D6E4CBF85}.Debug|Any CPU.Build.0 = Debug|Any CPU
		{85271296-293A-4579-BA3E-F82D6E4CBF85}.Debug|ARM64.ActiveCfg = Debug|Any CPU
		{85271296-293A-4579-BA3E-F82D6E4CBF85}.Debug|ARM64.Build.0 = Debug|Any CPU
		{85271296-293A-4579-BA3E-F82D6E4CBF85}.Debug|x64.ActiveCfg = Debug|Any CPU
		{85271296-293A-4579-BA3E-F82D6E4CBF85}.Debug|x64.Build.0 = Debug|Any CPU
		{85271296-293A-4579-BA3E-F82D6E4CBF85}.Debug|x86.ActiveCfg = Debug|Any CPU
		{85271296-293A-4579-BA3E-F82D6E4CBF85}.Debug|x86.Build.0 = Debug|Any CPU
		{85271296-293A-4579-BA3E-F82D6E4CBF85}.Release|Any CPU.ActiveCfg = Release|Any CPU
		{85271296-293A-4579-BA3E-F82D6E4CBF85}.Release|Any CPU.Build.0 = Release|Any CPU
		{85271296-293A-4579-BA3E-F82D6E4CBF85}.Release|ARM64.ActiveCfg = Release|Any CPU
		{85271296-293A-4579-BA3E-F82D6E4CBF85}.Release|ARM64.Build.0 = Release|Any CPU
		{85271296-293A-4579-BA3E-F82D6E4CBF85}.Release|x64.ActiveCfg = Release|Any CPU
		{85271296-293A-4579-BA3E-F82D6E4CBF85}.Release|x64.Build.0 = Release|Any CPU
		{85271296-293A-4579-BA3E-F82D6E4CBF85}.Release|x86.ActiveCfg = Release|Any CPU
		{85271296-293A-4579-BA3E-F82D6E4CBF85}.Release|x86.Build.0 = Release|Any CPU
		{38FA0AB1-5936-C5C4-1A98-B6E96DF2F7B3}.Debug|Any CPU.ActiveCfg = Debug|Any CPU
		{38FA0AB1-5936-C5C4-1A98-B6E96DF2F7B3}.Debug|Any CPU.Build.0 = Debug|Any CPU
		{38FA0AB1-5936-C5C4-1A98-B6E96DF2F7B3}.Debug|ARM64.ActiveCfg = Debug|Any CPU
		{38FA0AB1-5936-C5C4-1A98-B6E96DF2F7B3}.Debug|ARM64.Build.0 = Debug|Any CPU
		{38FA0AB1-5936-C5C4-1A98-B6E96DF2F7B3}.Debug|x64.ActiveCfg = Debug|Any CPU
		{38FA0AB1-5936-C5C4-1A98-B6E96DF2F7B3}.Debug|x64.Build.0 = Debug|Any CPU
		{38FA0AB1-5936-C5C4-1A98-B6E96DF2F7B3}.Debug|x86.ActiveCfg = Debug|Any CPU
		{38FA0AB1-5936-C5C4-1A98-B6E96DF2F7B3}.Debug|x86.Build.0 = Debug|Any CPU
		{38FA0AB1-5936-C5C4-1A98-B6E96DF2F7B3}.Release|Any CPU.ActiveCfg = Release|Any CPU
		{38FA0AB1-5936-C5C4-1A98-B6E96DF2F7B3}.Release|Any CPU.Build.0 = Release|Any CPU
		{38FA0AB1-5936-C5C4-1A98-B6E96DF2F7B3}.Release|ARM64.ActiveCfg = Release|Any CPU
		{38FA0AB1-5936-C5C4-1A98-B6E96DF2F7B3}.Release|ARM64.Build.0 = Release|Any CPU
		{38FA0AB1-5936-C5C4-1A98-B6E96DF2F7B3}.Release|x64.ActiveCfg = Release|Any CPU
		{38FA0AB1-5936-C5C4-1A98-B6E96DF2F7B3}.Release|x64.Build.0 = Release|Any CPU
		{38FA0AB1-5936-C5C4-1A98-B6E96DF2F7B3}.Release|x86.ActiveCfg = Release|Any CPU
		{38FA0AB1-5936-C5C4-1A98-B6E96DF2F7B3}.Release|x86.Build.0 = Release|Any CPU
	EndGlobalSection
	GlobalSection(SolutionProperties) = preSolution
		HideSolutionNode = FALSE
	EndGlobalSection
	GlobalSection(ExtensibilityGlobals) = postSolution
		SolutionGuid = {8162C0F3-CB64-47D2-9BAA-B1707F5AB499}
	EndGlobalSection
EndGlobal
